
Microsoft Visual Studio Solution File, Format Version 12.00
# Visual Studio 15
VisualStudioVersion = 15.0.28010.2046
MinimumVisualStudioVersion = 10.0.40219.1
Project("{FAE04EC0-301F-11D3-BF4B-00C04F79EFBC}") = "Q2 Real", "Q2 Real\Q2 Real.csproj", "{57D1D455-5C96-46D4-87CC-C6754C115A32}"
EndProject
Global
	GlobalSection(SolutionConfigurationPlatforms) = preSolution
		Debug|Any CPU = Debug|Any CPU
		Release|Any CPU = Release|Any CPU
	EndGlobalSection
	GlobalSection(ProjectConfigurationPlatforms) = postSolution
		{57D1D455-5C96-46D4-87CC-C6754C115A32}.Debug|Any CPU.ActiveCfg = Debug|Any CPU
		{57D1D455-5C96-46D4-87CC-C6754C115A32}.Debug|Any CPU.Build.0 = Debug|Any CPU
		{57D1D455-5C96-46D4-87CC-C6754C115A32}.Release|Any CPU.ActiveCfg = Release|Any CPU
		{57D1D455-5C96-46D4-87CC-C6754C115A32}.Release|Any CPU.Build.0 = Release|Any CPU
	EndGlobalSection
	GlobalSection(SolutionProperties) = preSolution
		HideSolutionNode = FALSE
	EndGlobalSection
	GlobalSection(ExtensibilityGlobals) = postSolution
		SolutionGuid = {27FF167A-8CF7-4690-94A3-2D2004496D9E}
	EndGlobalSection
EndGlobal
